
Microsoft Visual Studio Solution File, Format Version 12.00
# Visual Studio Version 17
VisualStudioVersion = 17.5.33424.131
MinimumVisualStudioVersion = 10.0.40219.1
Project("{FAE04EC0-301F-11D3-BF4B-00C04F79EFBC}") = "BlazorEcommerce.Server", "BlazorEcommerce\Server\BlazorEcommerce.Server.csproj", "{6F92A179-C8CF-4883-B318-3C45BCE0342D}"
EndProject
Project("{FAE04EC0-301F-11D3-BF4B-00C04F79EFBC}") = "BlazorEcommerce.Client", "BlazorEcommerce\Client\BlazorEcommerce.Client.csproj", "{E4881EA9-E597-4A05-9C02-1A06B91D1E23}"
EndProject
Project("{FAE04EC0-301F-11D3-BF4B-00C04F79EFBC}") = "BlazorEcommerce.Shared", "BlazorEcommerce\Shared\BlazorEcommerce.Shared.csproj", "{868713FA-C472-47F1-968F-C801B5BA0E15}"
EndProject
Global
	GlobalSection(SolutionConfigurationPlatforms) = preSolution
		Debug|Any CPU = Debug|Any CPU
		Release|Any CPU = Release|Any CPU
	EndGlobalSection
	GlobalSection(ProjectConfigurationPlatforms) = postSolution
		{6F92A179-C8CF-4883-B318-3C45BCE0342D}.Debug|Any CPU.ActiveCfg = Debug|Any CPU
		{6F92A179-C8CF-4883-B318-3C45BCE0342D}.Debug|Any CPU.Build.0 = Debug|Any CPU
		{6F92A179-C8CF-4883-B318-3C45BCE0342D}.Release|Any CPU.ActiveCfg = Release|Any CPU
		{6F92A179-C8CF-4883-B318-3C45BCE0342D}.Release|Any CPU.Build.0 = Release|Any CPU
		{E4881EA9-E597-4A05-9C02-1A06B91D1E23}.Debug|Any CPU.ActiveCfg = Debug|Any CPU
		{E4881EA9-E597-4A05-9C02-1A06B91D1E23}.Debug|Any CPU.Build.0 = Debug|Any CPU
		{E4881EA9-E597-4A05-9C02-1A06B91D1E23}.Release|Any CPU.ActiveCfg = Release|Any CPU
		{E4881EA9-E597-4A05-9C02-1A06B91D1E23}.Release|Any CPU.Build.0 = Release|Any CPU
		{868713FA-C472-47F1-968F-C801B5BA0E15}.Debug|Any CPU.ActiveCfg = Debug|Any CPU
		{868713FA-C472-47F1-968F-C801B5BA0E15}.Debug|Any CPU.Build.0 = Debug|Any CPU
		{868713FA-C472-47F1-968F-C801B5BA0E15}.Release|Any CPU.ActiveCfg = Release|Any CPU
		{868713FA-C472-47F1-968F-C801B5BA0E15}.Release|Any CPU.Build.0 = Release|Any CPU
	EndGlobalSection
	GlobalSection(SolutionProperties) = preSolution
		HideSolutionNode = FALSE
	EndGlobalSection
	GlobalSection(ExtensibilityGlobals) = postSolution
		SolutionGuid = {98080583-6042-474F-8A75-B7BA90E5F938}
	EndGlobalSection
EndGlobal
